// !$*UTF8*$!
{
	archiveVersion = 1;
	classes = {
	};
	objectVersion = 56;
	objects = {

/* Begin PBXBuildFile section */
		DD5053442C03AC49003D4703 /* AppDelegate.swift in Sources */ = {isa = PBXBuildFile; fileRef = DD5053432C03AC49003D4703 /* AppDelegate.swift */; };
		DD5053462C03AC49003D4703 /* SceneDelegate.swift in Sources */ = {isa = PBXBuildFile; fileRef = DD5053452C03AC49003D4703 /* SceneDelegate.swift */; };
		DD5053482C03AC49003D4703 /* ViewController.swift in Sources */ = {isa = PBXBuildFile; fileRef = DD5053472C03AC49003D4703 /* ViewController.swift */; };
		DD5053502C03AC4C003D4703 /* Base in Resources */ = {isa = PBXBuildFile; fileRef = DD50534F2C03AC4C003D4703 /* Base */; };
		DD50535B2C03AD13003D4703 /* JSONArtist.json in Resources */ = {isa = PBXBuildFile; fileRef = DD50535A2C03AD13003D4703 /* JSONArtist.json */; };
		DD50535D2C03C2BA003D4703 /* Assets.xcassets in Resources */ = {isa = PBXBuildFile; fileRef = DD50535C2C03C2BA003D4703 /* Assets.xcassets */; };
		DD5053602C03C3B6003D4703 /* APIRequest.swift in Sources */ = {isa = PBXBuildFile; fileRef = DD50535F2C03C3B6003D4703 /* APIRequest.swift */; };
		DD5053622C03C425003D4703 /* ArtistApi.swift in Sources */ = {isa = PBXBuildFile; fileRef = DD5053612C03C425003D4703 /* ArtistApi.swift */; };
		DD5053642C04E830003D4703 /* ArtistsView.swift in Sources */ = {isa = PBXBuildFile; fileRef = DD5053632C04E830003D4703 /* ArtistsView.swift */; };
/* End PBXBuildFile section */

/* Begin PBXFileReference section */
		DD5053402C03AC49003D4703 /* InfoArtist.app */ = {isa = PBXFileReference; explicitFileType = wrapper.application; includeInIndex = 0; path = InfoArtist.app; sourceTree = BUILT_PRODUCTS_DIR; };
		DD5053432C03AC49003D4703 /* AppDelegate.swift */ = {isa = PBXFileReference; lastKnownFileType = sourcecode.swift; path = AppDelegate.swift; sourceTree = "<group>"; };
		DD5053452C03AC49003D4703 /* SceneDelegate.swift */ = {isa = PBXFileReference; lastKnownFileType = sourcecode.swift; path = SceneDelegate.swift; sourceTree = "<group>"; };
		DD5053472C03AC49003D4703 /* ViewController.swift */ = {isa = PBXFileReference; lastKnownFileType = sourcecode.swift; path = ViewController.swift; sourceTree = "<group>"; };
		DD50534F2C03AC4C003D4703 /* Base */ = {isa = PBXFileReference; lastKnownFileType = file.storyboard; name = Base; path = Base.lproj/LaunchScreen.storyboard; sourceTree = "<group>"; };
		DD5053512C03AC4C003D4703 /* Info.plist */ = {isa = PBXFileReference; lastKnownFileType = text.plist.xml; path = Info.plist; sourceTree = "<group>"; };
		DD50535A2C03AD13003D4703 /* JSONArtist.json */ = {isa = PBXFileReference; lastKnownFileType = text.json; path = JSONArtist.json; sourceTree = "<group>"; };
		DD50535C2C03C2BA003D4703 /* Assets.xcassets */ = {isa = PBXFileReference; lastKnownFileType = folder.assetcatalog; path = Assets.xcassets; sourceTree = "<group>"; };
		DD50535F2C03C3B6003D4703 /* APIRequest.swift */ = {isa = PBXFileReference; lastKnownFileType = sourcecode.swift; path = APIRequest.swift; sourceTree = "<group>"; };
		DD5053612C03C425003D4703 /* ArtistApi.swift */ = {isa = PBXFileReference; lastKnownFileType = sourcecode.swift; path = ArtistApi.swift; sourceTree = "<group>"; };
		DD5053632C04E830003D4703 /* ArtistsView.swift */ = {isa = PBXFileReference; lastKnownFileType = sourcecode.swift; path = ArtistsView.swift; sourceTree = "<group>"; };
/* End PBXFileReference section */

/* Begin PBXFrameworksBuildPhase section */
		DD50533D2C03AC49003D4703 /* Frameworks */ = {
			isa = PBXFrameworksBuildPhase;
			buildActionMask = 2147483647;
			files = (
			);
			runOnlyForDeploymentPostprocessing = 0;
		};
/* End PBXFrameworksBuildPhase section */

/* Begin PBXGroup section */
		DD5053372C03AC49003D4703 = {
			isa = PBXGroup;
			children = (
				DD5053422C03AC49003D4703 /* InfoArtist */,
				DD5053412C03AC49003D4703 /* Products */,
			);
			sourceTree = "<group>";
		};
		DD5053412C03AC49003D4703 /* Products */ = {
			isa = PBXGroup;
			children = (
				DD5053402C03AC49003D4703 /* InfoArtist.app */,
			);
			name = Products;
			sourceTree = "<group>";
		};
		DD5053422C03AC49003D4703 /* InfoArtist */ = {
			isa = PBXGroup;
			children = (
				DD5053652C04FA16003D4703 /* MainVC */,
				DD50535E2C03C3A2003D4703 /* APIRequest */,
				DD5053572C03ACD6003D4703 /* Support */,
				DD5053512C03AC4C003D4703 /* Info.plist */,
			);
			path = InfoArtist;
			sourceTree = "<group>";
		};
		DD5053572C03ACD6003D4703 /* Support */ = {
			isa = PBXGroup;
			children = (
				DD5053432C03AC49003D4703 /* AppDelegate.swift */,
				DD5053452C03AC49003D4703 /* SceneDelegate.swift */,
				DD50535C2C03C2BA003D4703 /* Assets.xcassets */,
				DD50534E2C03AC4C003D4703 /* LaunchScreen.storyboard */,
			);
			path = Support;
			sourceTree = "<group>";
		};
		DD50535E2C03C3A2003D4703 /* APIRequest */ = {
			isa = PBXGroup;
			children = (
				DD50535A2C03AD13003D4703 /* JSONArtist.json */,
				DD50535F2C03C3B6003D4703 /* APIRequest.swift */,
				DD5053612C03C425003D4703 /* ArtistApi.swift */,
			);
			path = APIRequest;
			sourceTree = "<group>";
		};
		DD5053652C04FA16003D4703 /* MainVC */ = {
			isa = PBXGroup;
			children = (
				DD5053472C03AC49003D4703 /* ViewController.swift */,
				DD5053632C04E830003D4703 /* ArtistsView.swift */,
			);
			path = MainVC;
			sourceTree = "<group>";
		};
/* End PBXGroup section */

/* Begin PBXNativeTarget section */
		DD50533F2C03AC49003D4703 /* InfoArtist */ = {
			isa = PBXNativeTarget;
			buildConfigurationList = DD5053542C03AC4C003D4703 /* Build configuration list for PBXNativeTarget "InfoArtist" */;
			buildPhases = (
				DD50533C2C03AC49003D4703 /* Sources */,
				DD50533D2C03AC49003D4703 /* Frameworks */,
				DD50533E2C03AC49003D4703 /* Resources */,
			);
			buildRules = (
			);
			dependencies = (
			);
			name = InfoArtist;
			productName = InfoArtist;
			productReference = DD5053402C03AC49003D4703 /* InfoArtist.app */;
			productType = "com.apple.product-type.application";
		};
/* End PBXNativeTarget section */

/* Begin PBXProject section */
		DD5053382C03AC49003D4703 /* Project object */ = {
			isa = PBXProject;
			attributes = {
				BuildIndependentTargetsInParallel = 1;
				LastSwiftUpdateCheck = 1540;
				LastUpgradeCheck = 1540;
				TargetAttributes = {
					DD50533F2C03AC49003D4703 = {
						CreatedOnToolsVersion = 15.4;
					};
				};
			};
			buildConfigurationList = DD50533B2C03AC49003D4703 /* Build configuration list for PBXProject "InfoArtist" */;
			compatibilityVersion = "Xcode 14.0";
			developmentRegion = en;
			hasScannedForEncodings = 0;
			knownRegions = (
				en,
				Base,
			);
			mainGroup = DD5053372C03AC49003D4703;
			productRefGroup = DD5053412C03AC49003D4703 /* Products */;
			projectDirPath = "";
			projectRoot = "";
			targets = (
				DD50533F2C03AC49003D4703 /* InfoArtist */,
			);
		};
/* End PBXProject section */

/* Begin PBXResourcesBuildPhase section */
		DD50533E2C03AC49003D4703 /* Resources */ = {
			isa = PBXResourcesBuildPhase;
			buildActionMask = 2147483647;
			files = (
				DD50535B2C03AD13003D4703 /* JSONArtist.json in Resources */,
				DD5053502C03AC4C003D4703 /* Base in Resources */,
				DD50535D2C03C2BA003D4703 /* Assets.xcassets in Resources */,
			);
			runOnlyForDeploymentPostprocessing = 0;
		};
/* End PBXResourcesBuildPhase section */

/* Begin PBXSourcesBuildPhase section */
		DD50533C2C03AC49003D4703 /* Sources */ = {
			isa = PBXSourcesBuildPhase;
			buildActionMask = 2147483647;
			files = (
				DD5053482C03AC49003D4703 /* ViewController.swift in Sources */,
				DD5053622C03C425003D4703 /* ArtistApi.swift in Sources */,
				DD5053442C03AC49003D4703 /* AppDelegate.swift in Sources */,
				DD5053642C04E830003D4703 /* ArtistsView.swift in Sources */,
				DD5053602C03C3B6003D4703 /* APIRequest.swift in Sources */,
				DD5053462C03AC49003D4703 /* SceneDelegate.swift in Sources */,
			);
			runOnlyForDeploymentPostprocessing = 0;
		};
/* End PBXSourcesBuildPhase section */

/* Begin PBXVariantGroup section */
		DD50534E2C03AC4C003D4703 /* LaunchScreen.storyboard */ = {
			isa = PBXVariantGroup;
			children = (
				DD50534F2C03AC4C003D4703 /* Base */,
			);
			name = LaunchScreen.storyboard;
			sourceTree = "<group>";
		};
/* End PBXVariantGroup section */

/* Begin XCBuildConfiguration section */
		DD5053522C03AC4C003D4703 /* Debug */ = {
			isa = XCBuildConfiguration;
			buildSettings = {
				ALWAYS_SEARCH_USER_PATHS = NO;
				ASSETCATALOG_COMPILER_GENERATE_SWIFT_ASSET_SYMBOL_EXTENSIONS = YES;
				CLANG_ANALYZER_NONNULL = YES;
				CLANG_ANALYZER_NUMBER_OBJECT_CONVERSION = YES_AGGRESSIVE;
				CLANG_CXX_LANGUAGE_STANDARD = "gnu++20";
				CLANG_ENABLE_MODULES = YES;
				CLANG_ENABLE_OBJC_ARC = YES;
				CLANG_ENABLE_OBJC_WEAK = YES;
				CLANG_WARN_BLOCK_CAPTURE_AUTORELEASING = YES;
				CLANG_WARN_BOOL_CONVERSION = YES;
				CLANG_WARN_COMMA = YES;
				CLANG_WARN_CONSTANT_CONVERSION = YES;
				CLANG_WARN_DEPRECATED_OBJC_IMPLEMENTATIONS = YES;
				CLANG_WARN_DIRECT_OBJC_ISA_USAGE = YES_ERROR;
				CLANG_WARN_DOCUMENTATION_COMMENTS = YES;
				CLANG_WARN_EMPTY_BODY = YES;
				CLANG_WARN_ENUM_CONVERSION = YES;
				CLANG_WARN_INFINITE_RECURSION = YES;
				CLANG_WARN_INT_CONVERSION = YES;
				CLANG_WARN_NON_LITERAL_NULL_CONVERSION = YES;
				CLANG_WARN_OBJC_IMPLICIT_RETAIN_SELF = YES;
				CLANG_WARN_OBJC_LITERAL_CONVERSION = YES;
				CLANG_WARN_OBJC_ROOT_CLASS = YES_ERROR;
				CLANG_WARN_QUOTED_INCLUDE_IN_FRAMEWORK_HEADER = YES;
				CLANG_WARN_RANGE_LOOP_ANALYSIS = YES;
				CLANG_WARN_STRICT_PROTOTYPES = YES;
				CLANG_WARN_SUSPICIOUS_MOVE = YES;
				CLANG_WARN_UNGUARDED_AVAILABILITY = YES_AGGRESSIVE;
				CLANG_WARN_UNREACHABLE_CODE = YES;
				CLANG_WARN__DUPLICATE_METHOD_MATCH = YES;
				COPY_PHASE_STRIP = NO;
				DEBUG_INFORMATION_FORMAT = dwarf;
				ENABLE_STRICT_OBJC_MSGSEND = YES;
				ENABLE_TESTABILITY = YES;
				ENABLE_USER_SCRIPT_SANDBOXING = YES;
				GCC_C_LANGUAGE_STANDARD = gnu17;
				GCC_DYNAMIC_NO_PIC = NO;
				GCC_NO_COMMON_BLOCKS = YES;
				GCC_OPTIMIZATION_LEVEL = 0;
				GCC_PREPROCESSOR_DEFINITIONS = (
					"DEBUG=1",
					"$(inherited)",
				);
				GCC_WARN_64_TO_32_BIT_CONVERSION = YES;
				GCC_WARN_ABOUT_RETURN_TYPE = YES_ERROR;
				GCC_WARN_UNDECLARED_SELECTOR = YES;
				GCC_WARN_UNINITIALIZED_AUTOS = YES_AGGRESSIVE;
				GCC_WARN_UNUSED_FUNCTION = YES;
				GCC_WARN_UNUSED_VARIABLE = YES;
				IPHONEOS_DEPLOYMENT_TARGET = 17.5;
				LOCALIZATION_PREFERS_STRING_CATALOGS = YES;
				MTL_ENABLE_DEBUG_INFO = INCLUDE_SOURCE;
				MTL_FAST_MATH = YES;
				ONLY_ACTIVE_ARCH = YES;
				SDKROOT = iphoneos;
				SWIFT_ACTIVE_COMPILATION_CONDITIONS = "DEBUG $(inherited)";
				SWIFT_OPTIMIZATION_LEVEL = "-Onone";
			};
			name = Debug;
		};
		DD5053532C03AC4C003D4703 /* Release */ = {
			isa = XCBuildConfiguration;
			buildSettings = {
				ALWAYS_SEARCH_USER_PATHS = NO;
				ASSETCATALOG_COMPILER_GENERATE_SWIFT_ASSET_SYMBOL_EXTENSIONS = YES;
				CLANG_ANALYZER_NONNULL = YES;
				CLANG_ANALYZER_NUMBER_OBJECT_CONVERSION = YES_AGGRESSIVE;
				CLANG_CXX_LANGUAGE_STANDARD = "gnu++20";
				CLANG_ENABLE_MODULES = YES;
				CLANG_ENABLE_OBJC_ARC = YES;
				CLANG_ENABLE_OBJC_WEAK = YES;
				CLANG_WARN_BLOCK_CAPTURE_AUTORELEASING = YES;
				CLANG_WARN_BOOL_CONVERSION = YES;
				CLANG_WARN_COMMA = YES;
				CLANG_WARN_CONSTANT_CONVERSION = YES;
				CLANG_WARN_DEPRECATED_OBJC_IMPLEMENTATIONS = YES;
				CLANG_WARN_DIRECT_OBJC_ISA_USAGE = YES_ERROR;
				CLANG_WARN_DOCUMENTATION_COMMENTS = YES;
				CLANG_WARN_EMPTY_BODY = YES;
				CLANG_WARN_ENUM_CONVERSION = YES;
				CLANG_WARN_INFINITE_RECURSION = YES;
				CLANG_WARN_INT_CONVERSION = YES;
				CLANG_WARN_NON_LITERAL_NULL_CONVERSION = YES;
				CLANG_WARN_OBJC_IMPLICIT_RETAIN_SELF = YES;
				CLANG_WARN_OBJC_LITERAL_CONVERSION = YES;
				CLANG_WARN_OBJC_ROOT_CLASS = YES_ERROR;
				CLANG_WARN_QUOTED_INCLUDE_IN_FRAMEWORK_HEADER = YES;
				CLANG_WARN_RANGE_LOOP_ANALYSIS = YES;
				CLANG_WARN_STRICT_PROTOTYPES = YES;
				CLANG_WARN_SUSPICIOUS_MOVE = YES;
				CLANG_WARN_UNGUARDED_AVAILABILITY = YES_AGGRESSIVE;
				CLANG_WARN_UNREACHABLE_CODE = YES;
				CLANG_WARN__DUPLICATE_METHOD_MATCH = YES;
				COPY_PHASE_STRIP = NO;
				DEBUG_INFORMATION_FORMAT = "dwarf-with-dsym";
				ENABLE_NS_ASSERTIONS = NO;
				ENABLE_STRICT_OBJC_MSGSEND = YES;
				ENABLE_USER_SCRIPT_SANDBOXING = YES;
				GCC_C_LANGUAGE_STANDARD = gnu17;
				GCC_NO_COMMON_BLOCKS = YES;
				GCC_WARN_64_TO_32_BIT_CONVERSION = YES;
				GCC_WARN_ABOUT_RETURN_TYPE = YES_ERROR;
				GCC_WARN_UNDECLARED_SELECTOR = YES;
				GCC_WARN_UNINITIALIZED_AUTOS = YES_AGGRESSIVE;
				GCC_WARN_UNUSED_FUNCTION = YES;
				GCC_WARN_UNUSED_VARIABLE = YES;
				IPHONEOS_DEPLOYMENT_TARGET = 17.5;
				LOCALIZATION_PREFERS_STRING_CATALOGS = YES;
				MTL_ENABLE_DEBUG_INFO = NO;
				MTL_FAST_MATH = YES;
				SDKROOT = iphoneos;
				SWIFT_COMPILATION_MODE = wholemodule;
				VALIDATE_PRODUCT = YES;
			};
			name = Release;
		};
		DD5053552C03AC4C003D4703 /* Debug */ = {
			isa = XCBuildConfiguration;
			buildSettings = {
				ASSETCATALOG_COMPILER_APPICON_NAME = AppIcon;
				ASSETCATALOG_COMPILER_GLOBAL_ACCENT_COLOR_NAME = AccentColor;
				CODE_SIGN_STYLE = Automatic;
				CURRENT_PROJECT_VERSION = 1;
				DEVELOPMENT_TEAM = M486R3V7D5;
				GENERATE_INFOPLIST_FILE = YES;
				INFOPLIST_FILE = InfoArtist/Info.plist;
				INFOPLIST_KEY_UIApplicationSupportsIndirectInputEvents = YES;
				INFOPLIST_KEY_UILaunchStoryboardName = LaunchScreen;
				INFOPLIST_KEY_UISupportedInterfaceOrientations_iPad = "UIInterfaceOrientationPortrait UIInterfaceOrientationPortraitUpsideDown UIInterfaceOrientationLandscapeLeft UIInterfaceOrientationLandscapeRight";
				INFOPLIST_KEY_UISupportedInterfaceOrientations_iPhone = "UIInterfaceOrientationPortrait UIInterfaceOrientationLandscapeLeft UIInterfaceOrientationLandscapeRight";
				LD_RUNPATH_SEARCH_PATHS = (
					"$(inherited)",
					"@executable_path/Frameworks",
				);
				MARKETING_VERSION = 1.0;
				PRODUCT_BUNDLE_IDENTIFIER = com.Drolllted.InfoArtist;
				PRODUCT_NAME = "$(TARGET_NAME)";
				SWIFT_EMIT_LOC_STRINGS = YES;
				SWIFT_VERSION = 5.0;
				TARGETED_DEVICE_FAMILY = "1,2";
			};
			name = Debug;
		};
		DD5053562C03AC4C003D4703 /* Release */ = {
			isa = XCBuildConfiguration;
			buildSettings = {
				ASSETCATALOG_COMPILER_APPICON_NAME = AppIcon;
				ASSETCATALOG_COMPILER_GLOBAL_ACCENT_COLOR_NAME = AccentColor;
				CODE_SIGN_STYLE = Automatic;
				CURRENT_PROJECT_VERSION = 1;
				DEVELOPMENT_TEAM = M486R3V7D5;
				GENERATE_INFOPLIST_FILE = YES;
				INFOPLIST_FILE = InfoArtist/Info.plist;
				INFOPLIST_KEY_UIApplicationSupportsIndirectInputEvents = YES;
				INFOPLIST_KEY_UILaunchStoryboardName = LaunchScreen;
				INFOPLIST_KEY_UISupportedInterfaceOrientations_iPad = "UIInterfaceOrientationPortrait UIInterfaceOrientationPortraitUpsideDown UIInterfaceOrientationLandscapeLeft UIInterfaceOrientationLandscapeRight";
				INFOPLIST_KEY_UISupportedInterfaceOrientations_iPhone = "UIInterfaceOrientationPortrait UIInterfaceOrientationLandscapeLeft UIInterfaceOrientationLandscapeRight";
				LD_RUNPATH_SEARCH_PATHS = (
					"$(inherited)",
					"@executable_path/Frameworks",
				);
				MARKETING_VERSION = 1.0;
				PRODUCT_BUNDLE_IDENTIFIER = com.Drolllted.InfoArtist;
				PRODUCT_NAME = "$(TARGET_NAME)";
				SWIFT_EMIT_LOC_STRINGS = YES;
				SWIFT_VERSION = 5.0;
				TARGETED_DEVICE_FAMILY = "1,2";
			};
			name = Release;
		};
/* End XCBuildConfiguration section */

/* Begin XCConfigurationList section */
		DD50533B2C03AC49003D4703 /* Build configuration list for PBXProject "InfoArtist" */ = {
			isa = XCConfigurationList;
			buildConfigurations = (
				DD5053522C03AC4C003D4703 /* Debug */,
				DD5053532C03AC4C003D4703 /* Release */,
			);
			defaultConfigurationIsVisible = 0;
			defaultConfigurationName = Release;
		};
		DD5053542C03AC4C003D4703 /* Build configuration list for PBXNativeTarget "InfoArtist" */ = {
			isa = XCConfigurationList;
			buildConfigurations = (
				DD5053552C03AC4C003D4703 /* Debug */,
				DD5053562C03AC4C003D4703 /* Release */,
			);
			defaultConfigurationIsVisible = 0;
			defaultConfigurationName = Release;
		};
/* End XCConfigurationList section */
	};
	rootObject = DD5053382C03AC49003D4703 /* Project object */;
}
